// !$*UTF8*$!
{
	archiveVersion = 1;
	classes = {
	};
	objectVersion = 56;
	objects = {

/* Begin PBXBuildFile section */
		A801F73D2BB180F300FCC6B7 /* ActivateCardUseCase.swift in Sources */ = {isa = PBXBuildFile; fileRef = A801F73C2BB180F300FCC6B7 /* ActivateCardUseCase.swift */; };
		A801F73F2BB189A000FCC6B7 /* MockScratchCardAPI.swift in Sources */ = {isa = PBXBuildFile; fileRef = A801F73E2BB189A000FCC6B7 /* MockScratchCardAPI.swift */; };
		A801F7412BB18A5600FCC6B7 /* ActivateCardUseCaseTests.swift in Sources */ = {isa = PBXBuildFile; fileRef = A801F7402BB18A5600FCC6B7 /* ActivateCardUseCaseTests.swift */; };
		A801F7432BB1946B00FCC6B7 /* ScratchCardUseCase.swift in Sources */ = {isa = PBXBuildFile; fileRef = A801F7422BB1946B00FCC6B7 /* ScratchCardUseCase.swift */; };
		A801F7472BB1997F00FCC6B7 /* ActivateCardViewModel.swift in Sources */ = {isa = PBXBuildFile; fileRef = A801F7462BB1997F00FCC6B7 /* ActivateCardViewModel.swift */; };
		A801F7492BB1998E00FCC6B7 /* HomeViewModel.swift in Sources */ = {isa = PBXBuildFile; fileRef = A801F7482BB1998E00FCC6B7 /* HomeViewModel.swift */; };
		A801F74C2BB19B8900FCC6B7 /* DefaultAssembly.swift in Sources */ = {isa = PBXBuildFile; fileRef = A801F74B2BB19B8900FCC6B7 /* DefaultAssembly.swift */; };
		A801F74F2BB19FBE00FCC6B7 /* ScratchView.swift in Sources */ = {isa = PBXBuildFile; fileRef = A801F74E2BB19FBD00FCC6B7 /* ScratchView.swift */; };
		A801F7512BB1A3E600FCC6B7 /* ActivateView.swift in Sources */ = {isa = PBXBuildFile; fileRef = A801F7502BB1A3E600FCC6B7 /* ActivateView.swift */; };
		A801F7532BB1A5EC00FCC6B7 /* View+errorAlert.swift in Sources */ = {isa = PBXBuildFile; fileRef = A801F7522BB1A5EC00FCC6B7 /* View+errorAlert.swift */; };
		A801F7562BB1B96400FCC6B7 /* ScratchCardUseCaseTests.swift in Sources */ = {isa = PBXBuildFile; fileRef = A801F7552BB1B96400FCC6B7 /* ScratchCardUseCaseTests.swift */; };
		A801F7592BB1BB2700FCC6B7 /* MockScratchCardUseCase.swift in Sources */ = {isa = PBXBuildFile; fileRef = A801F7582BB1BB2700FCC6B7 /* MockScratchCardUseCase.swift */; };
		A801F75C2BB1C0DB00FCC6B7 /* ActivateCardViewModelTests.swift in Sources */ = {isa = PBXBuildFile; fileRef = A801F75B2BB1C0DB00FCC6B7 /* ActivateCardViewModelTests.swift */; };
		A841A2C12BB175310018563B /* ScratchacardApp.swift in Sources */ = {isa = PBXBuildFile; fileRef = A841A2C02BB175310018563B /* ScratchacardApp.swift */; };
		A841A2C32BB175310018563B /* HomeView.swift in Sources */ = {isa = PBXBuildFile; fileRef = A841A2C22BB175310018563B /* HomeView.swift */; };
		A841A2C52BB175330018563B /* Assets.xcassets in Resources */ = {isa = PBXBuildFile; fileRef = A841A2C42BB175330018563B /* Assets.xcassets */; };
		A841A2C82BB175330018563B /* Preview Assets.xcassets in Resources */ = {isa = PBXBuildFile; fileRef = A841A2C72BB175330018563B /* Preview Assets.xcassets */; };
		A841A2DC2BB175340018563B /* ScratchacardUITests.swift in Sources */ = {isa = PBXBuildFile; fileRef = A841A2DB2BB175340018563B /* ScratchacardUITests.swift */; };
		A841A2DE2BB175340018563B /* ScratchacardUITestsLaunchTests.swift in Sources */ = {isa = PBXBuildFile; fileRef = A841A2DD2BB175340018563B /* ScratchacardUITestsLaunchTests.swift */; };
		A841A2EC2BB1758D0018563B /* ScratchCardState.swift in Sources */ = {isa = PBXBuildFile; fileRef = A841A2EB2BB1758D0018563B /* ScratchCardState.swift */; };
		A841A2EF2BB175CA0018563B /* ScratchCardViewModel.swift in Sources */ = {isa = PBXBuildFile; fileRef = A841A2EE2BB175CA0018563B /* ScratchCardViewModel.swift */; };
		A841A2F22BB1765D0018563B /* ScratchCardViewModelTests.swift in Sources */ = {isa = PBXBuildFile; fileRef = A841A2F12BB1765D0018563B /* ScratchCardViewModelTests.swift */; };
		A841A2F52BB177630018563B /* ScratchCardAPI.swift in Sources */ = {isa = PBXBuildFile; fileRef = A841A2F42BB177630018563B /* ScratchCardAPI.swift */; };
		A841A2F72BB179230018563B /* ScratchCardError.swift in Sources */ = {isa = PBXBuildFile; fileRef = A841A2F62BB179230018563B /* ScratchCardError.swift */; };
		A841A2FA2BB17A010018563B /* Alamofire in Frameworks */ = {isa = PBXBuildFile; productRef = A841A2F92BB17A010018563B /* Alamofire */; };
		A841A2FC2BB17B0F0018563B /* ActivateResponse.swift in Sources */ = {isa = PBXBuildFile; fileRef = A841A2FB2BB17B0F0018563B /* ActivateResponse.swift */; };
/* End PBXBuildFile section */

/* Begin PBXContainerItemProxy section */
		A841A2CE2BB175340018563B /* PBXContainerItemProxy */ = {
			isa = PBXContainerItemProxy;
			containerPortal = A841A2B52BB175310018563B /* Project object */;
			proxyType = 1;
			remoteGlobalIDString = A841A2BC2BB175310018563B;
			remoteInfo = Scratchacard;
		};
		A841A2D82BB175340018563B /* PBXContainerItemProxy */ = {
			isa = PBXContainerItemProxy;
			containerPortal = A841A2B52BB175310018563B /* Project object */;
			proxyType = 1;
			remoteGlobalIDString = A841A2BC2BB175310018563B;
			remoteInfo = Scratchacard;
		};
/* End PBXContainerItemProxy section */

/* Begin PBXFileReference section */
		A801F73C2BB180F300FCC6B7 /* ActivateCardUseCase.swift */ = {isa = PBXFileReference; lastKnownFileType = sourcecode.swift; path = ActivateCardUseCase.swift; sourceTree = "<group>"; };
		A801F73E2BB189A000FCC6B7 /* MockScratchCardAPI.swift */ = {isa = PBXFileReference; lastKnownFileType = sourcecode.swift; path = MockScratchCardAPI.swift; sourceTree = "<group>"; };
		A801F7402BB18A5600FCC6B7 /* ActivateCardUseCaseTests.swift */ = {isa = PBXFileReference; lastKnownFileType = sourcecode.swift; path = ActivateCardUseCaseTests.swift; sourceTree = "<group>"; };
		A801F7422BB1946B00FCC6B7 /* ScratchCardUseCase.swift */ = {isa = PBXFileReference; lastKnownFileType = sourcecode.swift; path = ScratchCardUseCase.swift; sourceTree = "<group>"; };
		A801F7462BB1997F00FCC6B7 /* ActivateCardViewModel.swift */ = {isa = PBXFileReference; lastKnownFileType = sourcecode.swift; path = ActivateCardViewModel.swift; sourceTree = "<group>"; };
		A801F7482BB1998E00FCC6B7 /* HomeViewModel.swift */ = {isa = PBXFileReference; lastKnownFileType = sourcecode.swift; path = HomeViewModel.swift; sourceTree = "<group>"; };
		A801F74B2BB19B8900FCC6B7 /* DefaultAssembly.swift */ = {isa = PBXFileReference; lastKnownFileType = sourcecode.swift; path = DefaultAssembly.swift; sourceTree = "<group>"; };
		A801F74E2BB19FBD00FCC6B7 /* ScratchView.swift */ = {isa = PBXFileReference; lastKnownFileType = sourcecode.swift; path = ScratchView.swift; sourceTree = "<group>"; };
		A801F7502BB1A3E600FCC6B7 /* ActivateView.swift */ = {isa = PBXFileReference; lastKnownFileType = sourcecode.swift; path = ActivateView.swift; sourceTree = "<group>"; };
		A801F7522BB1A5EC00FCC6B7 /* View+errorAlert.swift */ = {isa = PBXFileReference; lastKnownFileType = sourcecode.swift; path = "View+errorAlert.swift"; sourceTree = "<group>"; };
		A801F7552BB1B96400FCC6B7 /* ScratchCardUseCaseTests.swift */ = {isa = PBXFileReference; lastKnownFileType = sourcecode.swift; path = ScratchCardUseCaseTests.swift; sourceTree = "<group>"; };
		A801F7582BB1BB2700FCC6B7 /* MockScratchCardUseCase.swift */ = {isa = PBXFileReference; lastKnownFileType = sourcecode.swift; path = MockScratchCardUseCase.swift; sourceTree = "<group>"; };
		A801F75B2BB1C0DB00FCC6B7 /* ActivateCardViewModelTests.swift */ = {isa = PBXFileReference; lastKnownFileType = sourcecode.swift; path = ActivateCardViewModelTests.swift; sourceTree = "<group>"; };
		A841A2BD2BB175310018563B /* Scratchacard.app */ = {isa = PBXFileReference; explicitFileType = wrapper.application; includeInIndex = 0; path = Scratchacard.app; sourceTree = BUILT_PRODUCTS_DIR; };
		A841A2C02BB175310018563B /* ScratchacardApp.swift */ = {isa = PBXFileReference; lastKnownFileType = sourcecode.swift; path = ScratchacardApp.swift; sourceTree = "<group>"; };
		A841A2C22BB175310018563B /* HomeView.swift */ = {isa = PBXFileReference; lastKnownFileType = sourcecode.swift; path = HomeView.swift; sourceTree = "<group>"; };
		A841A2C42BB175330018563B /* Assets.xcassets */ = {isa = PBXFileReference; lastKnownFileType = folder.assetcatalog; path = Assets.xcassets; sourceTree = "<group>"; };
		A841A2C72BB175330018563B /* Preview Assets.xcassets */ = {isa = PBXFileReference; lastKnownFileType = folder.assetcatalog; path = "Preview Assets.xcassets"; sourceTree = "<group>"; };
		A841A2CD2BB175340018563B /* ScratchacardTests.xctest */ = {isa = PBXFileReference; explicitFileType = wrapper.cfbundle; includeInIndex = 0; path = ScratchacardTests.xctest; sourceTree = BUILT_PRODUCTS_DIR; };
		A841A2D72BB175340018563B /* ScratchacardUITests.xctest */ = {isa = PBXFileReference; explicitFileType = wrapper.cfbundle; includeInIndex = 0; path = ScratchacardUITests.xctest; sourceTree = BUILT_PRODUCTS_DIR; };
		A841A2DB2BB175340018563B /* ScratchacardUITests.swift */ = {isa = PBXFileReference; lastKnownFileType = sourcecode.swift; path = ScratchacardUITests.swift; sourceTree = "<group>"; };
		A841A2DD2BB175340018563B /* ScratchacardUITestsLaunchTests.swift */ = {isa = PBXFileReference; lastKnownFileType = sourcecode.swift; path = ScratchacardUITestsLaunchTests.swift; sourceTree = "<group>"; };
		A841A2EB2BB1758D0018563B /* ScratchCardState.swift */ = {isa = PBXFileReference; lastKnownFileType = sourcecode.swift; path = ScratchCardState.swift; sourceTree = "<group>"; };
		A841A2EE2BB175CA0018563B /* ScratchCardViewModel.swift */ = {isa = PBXFileReference; lastKnownFileType = sourcecode.swift; path = ScratchCardViewModel.swift; sourceTree = "<group>"; };
		A841A2F12BB1765D0018563B /* ScratchCardViewModelTests.swift */ = {isa = PBXFileReference; lastKnownFileType = sourcecode.swift; path = ScratchCardViewModelTests.swift; sourceTree = "<group>"; };
		A841A2F42BB177630018563B /* ScratchCardAPI.swift */ = {isa = PBXFileReference; lastKnownFileType = sourcecode.swift; path = ScratchCardAPI.swift; sourceTree = "<group>"; };
		A841A2F62BB179230018563B /* ScratchCardError.swift */ = {isa = PBXFileReference; lastKnownFileType = sourcecode.swift; path = ScratchCardError.swift; sourceTree = "<group>"; };
		A841A2FB2BB17B0F0018563B /* ActivateResponse.swift */ = {isa = PBXFileReference; lastKnownFileType = sourcecode.swift; path = ActivateResponse.swift; sourceTree = "<group>"; };
/* End PBXFileReference section */

/* Begin PBXFrameworksBuildPhase section */
		A841A2BA2BB175310018563B /* Frameworks */ = {
			isa = PBXFrameworksBuildPhase;
			buildActionMask = 2147483647;
			files = (
				A841A2FA2BB17A010018563B /* Alamofire in Frameworks */,
			);
			runOnlyForDeploymentPostprocessing = 0;
		};
		A841A2CA2BB175340018563B /* Frameworks */ = {
			isa = PBXFrameworksBuildPhase;
			buildActionMask = 2147483647;
			files = (
			);
			runOnlyForDeploymentPostprocessing = 0;
		};
		A841A2D42BB175340018563B /* Frameworks */ = {
			isa = PBXFrameworksBuildPhase;
			buildActionMask = 2147483647;
			files = (
			);
			runOnlyForDeploymentPostprocessing = 0;
		};
/* End PBXFrameworksBuildPhase section */

/* Begin PBXGroup section */
		A801F73A2BB1802A00FCC6B7 /* Mocks */ = {
			isa = PBXGroup;
			children = (
				A801F73E2BB189A000FCC6B7 /* MockScratchCardAPI.swift */,
				A801F7582BB1BB2700FCC6B7 /* MockScratchCardUseCase.swift */,
			);
			path = Mocks;
			sourceTree = "<group>";
		};
		A801F73B2BB180C400FCC6B7 /* UseCases */ = {
			isa = PBXGroup;
			children = (
				A801F73C2BB180F300FCC6B7 /* ActivateCardUseCase.swift */,
				A801F7422BB1946B00FCC6B7 /* ScratchCardUseCase.swift */,
			);
			path = UseCases;
			sourceTree = "<group>";
		};
		A801F74A2BB19B7900FCC6B7 /* Assembly */ = {
			isa = PBXGroup;
			children = (
				A801F74B2BB19B8900FCC6B7 /* DefaultAssembly.swift */,
			);
			path = Assembly;
			sourceTree = "<group>";
		};
		A801F74D2BB19F8500FCC6B7 /* View */ = {
			isa = PBXGroup;
			children = (
				A841A2C22BB175310018563B /* HomeView.swift */,
				A801F74E2BB19FBD00FCC6B7 /* ScratchView.swift */,
				A801F7502BB1A3E600FCC6B7 /* ActivateView.swift */,
			);
			path = View;
			sourceTree = "<group>";
		};
		A801F7542BB1A5F100FCC6B7 /* Extensions */ = {
			isa = PBXGroup;
			children = (
				A801F7522BB1A5EC00FCC6B7 /* View+errorAlert.swift */,
			);
			path = Extensions;
			sourceTree = "<group>";
		};
		A801F7572BB1B96A00FCC6B7 /* UseCase */ = {
			isa = PBXGroup;
			children = (
				A801F7402BB18A5600FCC6B7 /* ActivateCardUseCaseTests.swift */,
				A801F7552BB1B96400FCC6B7 /* ScratchCardUseCaseTests.swift */,
			);
			path = UseCase;
			sourceTree = "<group>";
		};
		A801F75A2BB1C0C700FCC6B7 /* ViewModel */ = {
			isa = PBXGroup;
			children = (
				A841A2F12BB1765D0018563B /* ScratchCardViewModelTests.swift */,
				A801F75B2BB1C0DB00FCC6B7 /* ActivateCardViewModelTests.swift */,
			);
			path = ViewModel;
			sourceTree = "<group>";
		};
		A841A2B42BB175310018563B = {
			isa = PBXGroup;
			children = (
				A841A2BF2BB175310018563B /* Scratchacard */,
				A841A2D02BB175340018563B /* ScratchacardTests */,
				A841A2DA2BB175340018563B /* ScratchacardUITests */,
				A841A2BE2BB175310018563B /* Products */,
			);
			sourceTree = "<group>";
		};
		A841A2BE2BB175310018563B /* Products */ = {
			isa = PBXGroup;
			children = (
				A841A2BD2BB175310018563B /* Scratchacard.app */,
				A841A2CD2BB175340018563B /* ScratchacardTests.xctest */,
				A841A2D72BB175340018563B /* ScratchacardUITests.xctest */,
			);
			name = Products;
			sourceTree = "<group>";
		};
		A841A2BF2BB175310018563B /* Scratchacard */ = {
			isa = PBXGroup;
			children = (
				A801F7542BB1A5F100FCC6B7 /* Extensions */,
				A801F74D2BB19F8500FCC6B7 /* View */,
				A801F74A2BB19B7900FCC6B7 /* Assembly */,
				A801F73B2BB180C400FCC6B7 /* UseCases */,
				A841A2F32BB1774F0018563B /* Services */,
				A841A2ED2BB175BA0018563B /* ViewModel */,
				A841A2EA2BB1756F0018563B /* Model */,
				A841A2C02BB175310018563B /* ScratchacardApp.swift */,
				A841A2C42BB175330018563B /* Assets.xcassets */,
				A841A2C62BB175330018563B /* Preview Content */,
			);
			path = Scratchacard;
			sourceTree = "<group>";
		};
		A841A2C62BB175330018563B /* Preview Content */ = {
			isa = PBXGroup;
			children = (
				A841A2C72BB175330018563B /* Preview Assets.xcassets */,
			);
			path = "Preview Content";
			sourceTree = "<group>";
		};
		A841A2D02BB175340018563B /* ScratchacardTests */ = {
			isa = PBXGroup;
			children = (
				A801F75A2BB1C0C700FCC6B7 /* ViewModel */,
				A801F7572BB1B96A00FCC6B7 /* UseCase */,
				A801F73A2BB1802A00FCC6B7 /* Mocks */,
			);
			path = ScratchacardTests;
			sourceTree = "<group>";
		};
		A841A2DA2BB175340018563B /* ScratchacardUITests */ = {
			isa = PBXGroup;
			children = (
				A841A2DB2BB175340018563B /* ScratchacardUITests.swift */,
				A841A2DD2BB175340018563B /* ScratchacardUITestsLaunchTests.swift */,
			);
			path = ScratchacardUITests;
			sourceTree = "<group>";
		};
		A841A2EA2BB1756F0018563B /* Model */ = {
			isa = PBXGroup;
			children = (
				A841A2F02BB1760C0018563B /* Network */,
				A841A2EB2BB1758D0018563B /* ScratchCardState.swift */,
				A841A2F62BB179230018563B /* ScratchCardError.swift */,
			);
			path = Model;
			sourceTree = "<group>";
		};
		A841A2ED2BB175BA0018563B /* ViewModel */ = {
			isa = PBXGroup;
			children = (
				A801F7462BB1997F00FCC6B7 /* ActivateCardViewModel.swift */,
				A841A2EE2BB175CA0018563B /* ScratchCardViewModel.swift */,
				A801F7482BB1998E00FCC6B7 /* HomeViewModel.swift */,
			);
			path = ViewModel;
			sourceTree = "<group>";
		};
		A841A2F02BB1760C0018563B /* Network */ = {
			isa = PBXGroup;
			children = (
				A841A2FB2BB17B0F0018563B /* ActivateResponse.swift */,
			);
			path = Network;
			sourceTree = "<group>";
		};
		A841A2F32BB1774F0018563B /* Services */ = {
			isa = PBXGroup;
			children = (
				A841A2F42BB177630018563B /* ScratchCardAPI.swift */,
			);
			path = Services;
			sourceTree = "<group>";
		};
/* End PBXGroup section */

/* Begin PBXNativeTarget section */
		A841A2BC2BB175310018563B /* Scratchacard */ = {
			isa = PBXNativeTarget;
			buildConfigurationList = A841A2E12BB175340018563B /* Build configuration list for PBXNativeTarget "Scratchacard" */;
			buildPhases = (
				A841A2B92BB175310018563B /* Sources */,
				A841A2BA2BB175310018563B /* Frameworks */,
				A841A2BB2BB175310018563B /* Resources */,
			);
			buildRules = (
			);
			dependencies = (
			);
			name = Scratchacard;
			packageProductDependencies = (
				A841A2F92BB17A010018563B /* Alamofire */,
			);
			productName = Scratchacard;
			productReference = A841A2BD2BB175310018563B /* Scratchacard.app */;
			productType = "com.apple.product-type.application";
		};
		A841A2CC2BB175340018563B /* ScratchacardTests */ = {
			isa = PBXNativeTarget;
			buildConfigurationList = A841A2E42BB175340018563B /* Build configuration list for PBXNativeTarget "ScratchacardTests" */;
			buildPhases = (
				A841A2C92BB175340018563B /* Sources */,
				A841A2CA2BB175340018563B /* Frameworks */,
				A841A2CB2BB175340018563B /* Resources */,
			);
			buildRules = (
			);
			dependencies = (
				A841A2CF2BB175340018563B /* PBXTargetDependency */,
			);
			name = ScratchacardTests;
			productName = ScratchacardTests;
			productReference = A841A2CD2BB175340018563B /* ScratchacardTests.xctest */;
			productType = "com.apple.product-type.bundle.unit-test";
		};
		A841A2D62BB175340018563B /* ScratchacardUITests */ = {
			isa = PBXNativeTarget;
			buildConfigurationList = A841A2E72BB175340018563B /* Build configuration list for PBXNativeTarget "ScratchacardUITests" */;
			buildPhases = (
				A841A2D32BB175340018563B /* Sources */,
				A841A2D42BB175340018563B /* Frameworks */,
				A841A2D52BB175340018563B /* Resources */,
			);
			buildRules = (
			);
			dependencies = (
				A841A2D92BB175340018563B /* PBXTargetDependency */,
			);
			name = ScratchacardUITests;
			productName = ScratchacardUITests;
			productReference = A841A2D72BB175340018563B /* ScratchacardUITests.xctest */;
			productType = "com.apple.product-type.bundle.ui-testing";
		};
/* End PBXNativeTarget section */

/* Begin PBXProject section */
		A841A2B52BB175310018563B /* Project object */ = {
			isa = PBXProject;
			attributes = {
				BuildIndependentTargetsInParallel = 1;
				LastSwiftUpdateCheck = 1530;
				LastUpgradeCheck = 1530;
				TargetAttributes = {
					A841A2BC2BB175310018563B = {
						CreatedOnToolsVersion = 15.3;
					};
					A841A2CC2BB175340018563B = {
						CreatedOnToolsVersion = 15.3;
						TestTargetID = A841A2BC2BB175310018563B;
					};
					A841A2D62BB175340018563B = {
						CreatedOnToolsVersion = 15.3;
						TestTargetID = A841A2BC2BB175310018563B;
					};
				};
			};
			buildConfigurationList = A841A2B82BB175310018563B /* Build configuration list for PBXProject "Scratchacard" */;
			compatibilityVersion = "Xcode 14.0";
			developmentRegion = en;
			hasScannedForEncodings = 0;
			knownRegions = (
				en,
				Base,
			);
			mainGroup = A841A2B42BB175310018563B;
			packageReferences = (
				A841A2F82BB17A000018563B /* XCRemoteSwiftPackageReference "Alamofire" */,
			);
			productRefGroup = A841A2BE2BB175310018563B /* Products */;
			projectDirPath = "";
			projectRoot = "";
			targets = (
				A841A2BC2BB175310018563B /* Scratchacard */,
				A841A2CC2BB175340018563B /* ScratchacardTests */,
				A841A2D62BB175340018563B /* ScratchacardUITests */,
			);
		};
/* End PBXProject section */

/* Begin PBXResourcesBuildPhase section */
		A841A2BB2BB175310018563B /* Resources */ = {
			isa = PBXResourcesBuildPhase;
			buildActionMask = 2147483647;
			files = (
				A841A2C82BB175330018563B /* Preview Assets.xcassets in Resources */,
				A841A2C52BB175330018563B /* Assets.xcassets in Resources */,
			);
			runOnlyForDeploymentPostprocessing = 0;
		};
		A841A2CB2BB175340018563B /* Resources */ = {
			isa = PBXResourcesBuildPhase;
			buildActionMask = 2147483647;
			files = (
			);
			runOnlyForDeploymentPostprocessing = 0;
		};
		A841A2D52BB175340018563B /* Resources */ = {
			isa = PBXResourcesBuildPhase;
			buildActionMask = 2147483647;
			files = (
			);
			runOnlyForDeploymentPostprocessing = 0;
		};
/* End PBXResourcesBuildPhase section */

/* Begin PBXSourcesBuildPhase section */
		A841A2B92BB175310018563B /* Sources */ = {
			isa = PBXSourcesBuildPhase;
			buildActionMask = 2147483647;
			files = (
				A841A2EC2BB1758D0018563B /* ScratchCardState.swift in Sources */,
				A801F7532BB1A5EC00FCC6B7 /* View+errorAlert.swift in Sources */,
				A841A2C32BB175310018563B /* HomeView.swift in Sources */,
				A841A2FC2BB17B0F0018563B /* ActivateResponse.swift in Sources */,
				A841A2F52BB177630018563B /* ScratchCardAPI.swift in Sources */,
				A841A2C12BB175310018563B /* ScratchacardApp.swift in Sources */,
				A801F7512BB1A3E600FCC6B7 /* ActivateView.swift in Sources */,
				A841A2EF2BB175CA0018563B /* ScratchCardViewModel.swift in Sources */,
				A801F7492BB1998E00FCC6B7 /* HomeViewModel.swift in Sources */,
				A801F7472BB1997F00FCC6B7 /* ActivateCardViewModel.swift in Sources */,
				A801F74C2BB19B8900FCC6B7 /* DefaultAssembly.swift in Sources */,
				A801F7432BB1946B00FCC6B7 /* ScratchCardUseCase.swift in Sources */,
				A801F73D2BB180F300FCC6B7 /* ActivateCardUseCase.swift in Sources */,
				A841A2F72BB179230018563B /* ScratchCardError.swift in Sources */,
				A801F74F2BB19FBE00FCC6B7 /* ScratchView.swift in Sources */,
			);
			runOnlyForDeploymentPostprocessing = 0;
		};
		A841A2C92BB175340018563B /* Sources */ = {
			isa = PBXSourcesBuildPhase;
			buildActionMask = 2147483647;
			files = (
				A801F73F2BB189A000FCC6B7 /* MockScratchCardAPI.swift in Sources */,
				A801F7592BB1BB2700FCC6B7 /* MockScratchCardUseCase.swift in Sources */,
				A801F7562BB1B96400FCC6B7 /* ScratchCardUseCaseTests.swift in Sources */,
				A801F75C2BB1C0DB00FCC6B7 /* ActivateCardViewModelTests.swift in Sources */,
				A841A2F22BB1765D0018563B /* ScratchCardViewModelTests.swift in Sources */,
				A801F7412BB18A5600FCC6B7 /* ActivateCardUseCaseTests.swift in Sources */,
			);
			runOnlyForDeploymentPostprocessing = 0;
		};
		A841A2D32BB175340018563B /* Sources */ = {
			isa = PBXSourcesBuildPhase;
			buildActionMask = 2147483647;
			files = (
				A841A2DC2BB175340018563B /* ScratchacardUITests.swift in Sources */,
				A841A2DE2BB175340018563B /* ScratchacardUITestsLaunchTests.swift in Sources */,
			);
			runOnlyForDeploymentPostprocessing = 0;
		};
/* End PBXSourcesBuildPhase section */

/* Begin PBXTargetDependency section */
		A841A2CF2BB175340018563B /* PBXTargetDependency */ = {
			isa = PBXTargetDependency;
			target = A841A2BC2BB175310018563B /* Scratchacard */;
			targetProxy = A841A2CE2BB175340018563B /* PBXContainerItemProxy */;
		};
		A841A2D92BB175340018563B /* PBXTargetDependency */ = {
			isa = PBXTargetDependency;
			target = A841A2BC2BB175310018563B /* Scratchacard */;
			targetProxy = A841A2D82BB175340018563B /* PBXContainerItemProxy */;
		};
/* End PBXTargetDependency section */

/* Begin XCBuildConfiguration section */
		A841A2DF2BB175340018563B /* Debug */ = {
			isa = XCBuildConfiguration;
			buildSettings = {
				ALWAYS_SEARCH_USER_PATHS = NO;
				ASSETCATALOG_COMPILER_GENERATE_SWIFT_ASSET_SYMBOL_EXTENSIONS = YES;
				CLANG_ANALYZER_NONNULL = YES;
				CLANG_ANALYZER_NUMBER_OBJECT_CONVERSION = YES_AGGRESSIVE;
				CLANG_CXX_LANGUAGE_STANDARD = "gnu++20";
				CLANG_ENABLE_MODULES = YES;
				CLANG_ENABLE_OBJC_ARC = YES;
				CLANG_ENABLE_OBJC_WEAK = YES;
				CLANG_WARN_BLOCK_CAPTURE_AUTORELEASING = YES;
				CLANG_WARN_BOOL_CONVERSION = YES;
				CLANG_WARN_COMMA = YES;
				CLANG_WARN_CONSTANT_CONVERSION = YES;
				CLANG_WARN_DEPRECATED_OBJC_IMPLEMENTATIONS = YES;
				CLANG_WARN_DIRECT_OBJC_ISA_USAGE = YES_ERROR;
				CLANG_WARN_DOCUMENTATION_COMMENTS = YES;
				CLANG_WARN_EMPTY_BODY = YES;
				CLANG_WARN_ENUM_CONVERSION = YES;
				CLANG_WARN_INFINITE_RECURSION = YES;
				CLANG_WARN_INT_CONVERSION = YES;
				CLANG_WARN_NON_LITERAL_NULL_CONVERSION = YES;
				CLANG_WARN_OBJC_IMPLICIT_RETAIN_SELF = YES;
				CLANG_WARN_OBJC_LITERAL_CONVERSION = YES;
				CLANG_WARN_OBJC_ROOT_CLASS = YES_ERROR;
				CLANG_WARN_QUOTED_INCLUDE_IN_FRAMEWORK_HEADER = YES;
				CLANG_WARN_RANGE_LOOP_ANALYSIS = YES;
				CLANG_WARN_STRICT_PROTOTYPES = YES;
				CLANG_WARN_SUSPICIOUS_MOVE = YES;
				CLANG_WARN_UNGUARDED_AVAILABILITY = YES_AGGRESSIVE;
				CLANG_WARN_UNREACHABLE_CODE = YES;
				CLANG_WARN__DUPLICATE_METHOD_MATCH = YES;
				COPY_PHASE_STRIP = NO;
				DEBUG_INFORMATION_FORMAT = dwarf;
				ENABLE_STRICT_OBJC_MSGSEND = YES;
				ENABLE_TESTABILITY = YES;
				ENABLE_USER_SCRIPT_SANDBOXING = YES;
				GCC_C_LANGUAGE_STANDARD = gnu17;
				GCC_DYNAMIC_NO_PIC = NO;
				GCC_NO_COMMON_BLOCKS = YES;
				GCC_OPTIMIZATION_LEVEL = 0;
				GCC_PREPROCESSOR_DEFINITIONS = (
					"DEBUG=1",
					"$(inherited)",
				);
				GCC_WARN_64_TO_32_BIT_CONVERSION = YES;
				GCC_WARN_ABOUT_RETURN_TYPE = YES_ERROR;
				GCC_WARN_UNDECLARED_SELECTOR = YES;
				GCC_WARN_UNINITIALIZED_AUTOS = YES_AGGRESSIVE;
				GCC_WARN_UNUSED_FUNCTION = YES;
				GCC_WARN_UNUSED_VARIABLE = YES;
				IPHONEOS_DEPLOYMENT_TARGET = 17.4;
				LOCALIZATION_PREFERS_STRING_CATALOGS = YES;
				MTL_ENABLE_DEBUG_INFO = INCLUDE_SOURCE;
				MTL_FAST_MATH = YES;
				ONLY_ACTIVE_ARCH = YES;
				SDKROOT = iphoneos;
				SWIFT_ACTIVE_COMPILATION_CONDITIONS = "DEBUG $(inherited)";
				SWIFT_OPTIMIZATION_LEVEL = "-Onone";
			};
			name = Debug;
		};
		A841A2E02BB175340018563B /* Release */ = {
			isa = XCBuildConfiguration;
			buildSettings = {
				ALWAYS_SEARCH_USER_PATHS = NO;
				ASSETCATALOG_COMPILER_GENERATE_SWIFT_ASSET_SYMBOL_EXTENSIONS = YES;
				CLANG_ANALYZER_NONNULL = YES;
				CLANG_ANALYZER_NUMBER_OBJECT_CONVERSION = YES_AGGRESSIVE;
				CLANG_CXX_LANGUAGE_STANDARD = "gnu++20";
				CLANG_ENABLE_MODULES = YES;
				CLANG_ENABLE_OBJC_ARC = YES;
				CLANG_ENABLE_OBJC_WEAK = YES;
				CLANG_WARN_BLOCK_CAPTURE_AUTORELEASING = YES;
				CLANG_WARN_BOOL_CONVERSION = YES;
				CLANG_WARN_COMMA = YES;
				CLANG_WARN_CONSTANT_CONVERSION = YES;
				CLANG_WARN_DEPRECATED_OBJC_IMPLEMENTATIONS = YES;
				CLANG_WARN_DIRECT_OBJC_ISA_USAGE = YES_ERROR;
				CLANG_WARN_DOCUMENTATION_COMMENTS = YES;
				CLANG_WARN_EMPTY_BODY = YES;
				CLANG_WARN_ENUM_CONVERSION = YES;
				CLANG_WARN_INFINITE_RECURSION = YES;
				CLANG_WARN_INT_CONVERSION = YES;
				CLANG_WARN_NON_LITERAL_NULL_CONVERSION = YES;
				CLANG_WARN_OBJC_IMPLICIT_RETAIN_SELF = YES;
				CLANG_WARN_OBJC_LITERAL_CONVERSION = YES;
				CLANG_WARN_OBJC_ROOT_CLASS = YES_ERROR;
				CLANG_WARN_QUOTED_INCLUDE_IN_FRAMEWORK_HEADER = YES;
				CLANG_WARN_RANGE_LOOP_ANALYSIS = YES;
				CLANG_WARN_STRICT_PROTOTYPES = YES;
				CLANG_WARN_SUSPICIOUS_MOVE = YES;
				CLANG_WARN_UNGUARDED_AVAILABILITY = YES_AGGRESSIVE;
				CLANG_WARN_UNREACHABLE_CODE = YES;
				CLANG_WARN__DUPLICATE_METHOD_MATCH = YES;
				COPY_PHASE_STRIP = NO;
				DEBUG_INFORMATION_FORMAT = "dwarf-with-dsym";
				ENABLE_NS_ASSERTIONS = NO;
				ENABLE_STRICT_OBJC_MSGSEND = YES;
				ENABLE_USER_SCRIPT_SANDBOXING = YES;
				GCC_C_LANGUAGE_STANDARD = gnu17;
				GCC_NO_COMMON_BLOCKS = YES;
				GCC_WARN_64_TO_32_BIT_CONVERSION = YES;
				GCC_WARN_ABOUT_RETURN_TYPE = YES_ERROR;
				GCC_WARN_UNDECLARED_SELECTOR = YES;
				GCC_WARN_UNINITIALIZED_AUTOS = YES_AGGRESSIVE;
				GCC_WARN_UNUSED_FUNCTION = YES;
				GCC_WARN_UNUSED_VARIABLE = YES;
				IPHONEOS_DEPLOYMENT_TARGET = 17.4;
				LOCALIZATION_PREFERS_STRING_CATALOGS = YES;
				MTL_ENABLE_DEBUG_INFO = NO;
				MTL_FAST_MATH = YES;
				SDKROOT = iphoneos;
				SWIFT_COMPILATION_MODE = wholemodule;
				VALIDATE_PRODUCT = YES;
			};
			name = Release;
		};
		A841A2E22BB175340018563B /* Debug */ = {
			isa = XCBuildConfiguration;
			buildSettings = {
				ASSETCATALOG_COMPILER_APPICON_NAME = AppIcon;
				ASSETCATALOG_COMPILER_GLOBAL_ACCENT_COLOR_NAME = AccentColor;
				CODE_SIGN_STYLE = Automatic;
				CURRENT_PROJECT_VERSION = 1;
				DEVELOPMENT_ASSET_PATHS = "\"Scratchacard/Preview Content\"";
				DEVELOPMENT_TEAM = 4Y9B4U552M;
				ENABLE_PREVIEWS = YES;
				GENERATE_INFOPLIST_FILE = YES;
				INFOPLIST_KEY_UIApplicationSceneManifest_Generation = YES;
				INFOPLIST_KEY_UIApplicationSupportsIndirectInputEvents = YES;
				INFOPLIST_KEY_UILaunchScreen_Generation = YES;
				INFOPLIST_KEY_UISupportedInterfaceOrientations_iPad = "UIInterfaceOrientationPortrait UIInterfaceOrientationPortraitUpsideDown UIInterfaceOrientationLandscapeLeft UIInterfaceOrientationLandscapeRight";
				INFOPLIST_KEY_UISupportedInterfaceOrientations_iPhone = "UIInterfaceOrientationPortrait UIInterfaceOrientationLandscapeLeft UIInterfaceOrientationLandscapeRight";
				LD_RUNPATH_SEARCH_PATHS = (
					"$(inherited)",
					"@executable_path/Frameworks",
				);
				MARKETING_VERSION = 1.0;
				PRODUCT_BUNDLE_IDENTIFIER = cz.stachon.Scratchacard;
				PRODUCT_NAME = "$(TARGET_NAME)";
				SWIFT_EMIT_LOC_STRINGS = YES;
				SWIFT_VERSION = 5.0;
				TARGETED_DEVICE_FAMILY = "1,2";
			};
			name = Debug;
		};
		A841A2E32BB175340018563B /* Release */ = {
			isa = XCBuildConfiguration;
			buildSettings = {
				ASSETCATALOG_COMPILER_APPICON_NAME = AppIcon;
				ASSETCATALOG_COMPILER_GLOBAL_ACCENT_COLOR_NAME = AccentColor;
				CODE_SIGN_STYLE = Automatic;
				CURRENT_PROJECT_VERSION = 1;
				DEVELOPMENT_ASSET_PATHS = "\"Scratchacard/Preview Content\"";
				DEVELOPMENT_TEAM = 4Y9B4U552M;
				ENABLE_PREVIEWS = YES;
				GENERATE_INFOPLIST_FILE = YES;
				INFOPLIST_KEY_UIApplicationSceneManifest_Generation = YES;
				INFOPLIST_KEY_UIApplicationSupportsIndirectInputEvents = YES;
				INFOPLIST_KEY_UILaunchScreen_Generation = YES;
				INFOPLIST_KEY_UISupportedInterfaceOrientations_iPad = "UIInterfaceOrientationPortrait UIInterfaceOrientationPortraitUpsideDown UIInterfaceOrientationLandscapeLeft UIInterfaceOrientationLandscapeRight";
				INFOPLIST_KEY_UISupportedInterfaceOrientations_iPhone = "UIInterfaceOrientationPortrait UIInterfaceOrientationLandscapeLeft UIInterfaceOrientationLandscapeRight";
				LD_RUNPATH_SEARCH_PATHS = (
					"$(inherited)",
					"@executable_path/Frameworks",
				);
				MARKETING_VERSION = 1.0;
				PRODUCT_BUNDLE_IDENTIFIER = cz.stachon.Scratchacard;
				PRODUCT_NAME = "$(TARGET_NAME)";
				SWIFT_EMIT_LOC_STRINGS = YES;
				SWIFT_VERSION = 5.0;
				TARGETED_DEVICE_FAMILY = "1,2";
			};
			name = Release;
		};
		A841A2E52BB175340018563B /* Debug */ = {
			isa = XCBuildConfiguration;
			buildSettings = {
				ALWAYS_EMBED_SWIFT_STANDARD_LIBRARIES = YES;
				BUNDLE_LOADER = "$(TEST_HOST)";
				CODE_SIGN_STYLE = Automatic;
				CURRENT_PROJECT_VERSION = 1;
				DEVELOPMENT_TEAM = 4Y9B4U552M;
				GENERATE_INFOPLIST_FILE = YES;
				IPHONEOS_DEPLOYMENT_TARGET = 17.4;
				MARKETING_VERSION = 1.0;
				PRODUCT_BUNDLE_IDENTIFIER = cz.stachon.ScratchacardTests;
				PRODUCT_NAME = "$(TARGET_NAME)";
				SWIFT_EMIT_LOC_STRINGS = NO;
				SWIFT_VERSION = 5.0;
				TARGETED_DEVICE_FAMILY = "1,2";
				TEST_HOST = "$(BUILT_PRODUCTS_DIR)/Scratchacard.app/$(BUNDLE_EXECUTABLE_FOLDER_PATH)/Scratchacard";
			};
			name = Debug;
		};
		A841A2E62BB175340018563B /* Release */ = {
			isa = XCBuildConfiguration;
			buildSettings = {
				ALWAYS_EMBED_SWIFT_STANDARD_LIBRARIES = YES;
				BUNDLE_LOADER = "$(TEST_HOST)";
				CODE_SIGN_STYLE = Automatic;
				CURRENT_PROJECT_VERSION = 1;
				DEVELOPMENT_TEAM = 4Y9B4U552M;
				GENERATE_INFOPLIST_FILE = YES;
				IPHONEOS_DEPLOYMENT_TARGET = 17.4;
				MARKETING_VERSION = 1.0;
				PRODUCT_BUNDLE_IDENTIFIER = cz.stachon.ScratchacardTests;
				PRODUCT_NAME = "$(TARGET_NAME)";
				SWIFT_EMIT_LOC_STRINGS = NO;
				SWIFT_VERSION = 5.0;
				TARGETED_DEVICE_FAMILY = "1,2";
				TEST_HOST = "$(BUILT_PRODUCTS_DIR)/Scratchacard.app/$(BUNDLE_EXECUTABLE_FOLDER_PATH)/Scratchacard";
			};
			name = Release;
		};
		A841A2E82BB175340018563B /* Debug */ = {
			isa = XCBuildConfiguration;
			buildSettings = {
				ALWAYS_EMBED_SWIFT_STANDARD_LIBRARIES = YES;
				CODE_SIGN_STYLE = Automatic;
				CURRENT_PROJECT_VERSION = 1;
				DEVELOPMENT_TEAM = 4Y9B4U552M;
				GENERATE_INFOPLIST_FILE = YES;
				MARKETING_VERSION = 1.0;
				PRODUCT_BUNDLE_IDENTIFIER = cz.stachon.ScratchacardUITests;
				PRODUCT_NAME = "$(TARGET_NAME)";
				SWIFT_EMIT_LOC_STRINGS = NO;
				SWIFT_VERSION = 5.0;
				TARGETED_DEVICE_FAMILY = "1,2";
				TEST_TARGET_NAME = Scratchacard;
			};
			name = Debug;
		};
		A841A2E92BB175340018563B /* Release */ = {
			isa = XCBuildConfiguration;
			buildSettings = {
				ALWAYS_EMBED_SWIFT_STANDARD_LIBRARIES = YES;
				CODE_SIGN_STYLE = Automatic;
				CURRENT_PROJECT_VERSION = 1;
				DEVELOPMENT_TEAM = 4Y9B4U552M;
				GENERATE_INFOPLIST_FILE = YES;
				MARKETING_VERSION = 1.0;
				PRODUCT_BUNDLE_IDENTIFIER = cz.stachon.ScratchacardUITests;
				PRODUCT_NAME = "$(TARGET_NAME)";
				SWIFT_EMIT_LOC_STRINGS = NO;
				SWIFT_VERSION = 5.0;
				TARGETED_DEVICE_FAMILY = "1,2";
				TEST_TARGET_NAME = Scratchacard;
			};
			name = Release;
		};
/* End XCBuildConfiguration section */

/* Begin XCConfigurationList section */
		A841A2B82BB175310018563B /* Build configuration list for PBXProject "Scratchacard" */ = {
			isa = XCConfigurationList;
			buildConfigurations = (
				A841A2DF2BB175340018563B /* Debug */,
				A841A2E02BB175340018563B /* Release */,
			);
			defaultConfigurationIsVisible = 0;
			defaultConfigurationName = Release;
		};
		A841A2E12BB175340018563B /* Build configuration list for PBXNativeTarget "Scratchacard" */ = {
			isa = XCConfigurationList;
			buildConfigurations = (
				A841A2E22BB175340018563B /* Debug */,
				A841A2E32BB175340018563B /* Release */,
			);
			defaultConfigurationIsVisible = 0;
			defaultConfigurationName = Release;
		};
		A841A2E42BB175340018563B /* Build configuration list for PBXNativeTarget "ScratchacardTests" */ = {
			isa = XCConfigurationList;
			buildConfigurations = (
				A841A2E52BB175340018563B /* Debug */,
				A841A2E62BB175340018563B /* Release */,
			);
			defaultConfigurationIsVisible = 0;
			defaultConfigurationName = Release;
		};
		A841A2E72BB175340018563B /* Build configuration list for PBXNativeTarget "ScratchacardUITests" */ = {
			isa = XCConfigurationList;
			buildConfigurations = (
				A841A2E82BB175340018563B /* Debug */,
				A841A2E92BB175340018563B /* Release */,
			);
			defaultConfigurationIsVisible = 0;
			defaultConfigurationName = Release;
		};
/* End XCConfigurationList section */

/* Begin XCRemoteSwiftPackageReference section */
		A841A2F82BB17A000018563B /* XCRemoteSwiftPackageReference "Alamofire" */ = {
			isa = XCRemoteSwiftPackageReference;
			repositoryURL = "https://github.com/Alamofire/Alamofire";
			requirement = {
				kind = upToNextMajorVersion;
				minimumVersion = 5.9.0;
			};
		};
/* End XCRemoteSwiftPackageReference section */

/* Begin XCSwiftPackageProductDependency section */
		A841A2F92BB17A010018563B /* Alamofire */ = {
			isa = XCSwiftPackageProductDependency;
			package = A841A2F82BB17A000018563B /* XCRemoteSwiftPackageReference "Alamofire" */;
			productName = Alamofire;
		};
/* End XCSwiftPackageProductDependency section */
	};
	rootObject = A841A2B52BB175310018563B /* Project object */;
}
